
Microsoft Visual Studio Solution File, Format Version 12.00
# Visual Studio Version 17
VisualStudioVersion = 17.8.34408.163
MinimumVisualStudioVersion = 10.0.40219.1
Project("{FAE04EC0-301F-11D3-BF4B-00C04F79EFBC}") = "Mission5", "Mission5\Mission5.csproj", "{E9FF50C3-D557-4B3C-BC26-C4D477EE5AEA}"
EndProject
Global
	GlobalSection(SolutionConfigurationPlatforms) = preSolution
		Debug|Any CPU = Debug|Any CPU
		Release|Any CPU = Release|Any CPU
	EndGlobalSection
	GlobalSection(ProjectConfigurationPlatforms) = postSolution
		{E9FF50C3-D557-4B3C-BC26-C4D477EE5AEA}.Debug|Any CPU.ActiveCfg = Debug|Any CPU
		{E9FF50C3-D557-4B3C-BC26-C4D477EE5AEA}.Debug|Any CPU.Build.0 = Debug|Any CPU
		{E9FF50C3-D557-4B3C-BC26-C4D477EE5AEA}.Release|Any CPU.ActiveCfg = Release|Any CPU
		{E9FF50C3-D557-4B3C-BC26-C4D477EE5AEA}.Release|Any CPU.Build.0 = Release|Any CPU
	EndGlobalSection
	GlobalSection(SolutionProperties) = preSolution
		HideSolutionNode = FALSE
	EndGlobalSection
	GlobalSection(ExtensibilityGlobals) = postSolution
		SolutionGuid = {65871825-2042-47E2-978F-E2E99A01AA26}
	EndGlobalSection
EndGlobal
